
Microsoft Visual Studio Solution File, Format Version 12.00
# Visual Studio Version 16
VisualStudioVersion = 16.0.30114.105
MinimumVisualStudioVersion = 10.0.40219.1
Project("{9A19103F-16F7-4668-BE54-9A1E7A4F7556}") = "Arif.ToDo.DataAccess", "Arif.ToDo.DataAccess\Arif.ToDo.DataAccess.csproj", "{8671DD12-63B5-491C-A9B7-C14013D283D6}"
EndProject
Project("{9A19103F-16F7-4668-BE54-9A1E7A4F7556}") = "Arif.ToDo.Business", "Arif.ToDo.Business\Arif.ToDo.Business.csproj", "{A1DBA0E0-B59F-426F-A53B-52C7A9EBF714}"
EndProject
Project("{9A19103F-16F7-4668-BE54-9A1E7A4F7556}") = "Arif.ToDo.Entities", "Arif.ToDo.Entities\Arif.ToDo.Entities.csproj", "{D6E777CB-9EF6-46AF-A78B-9710D5565007}"
EndProject
Global
	GlobalSection(SolutionConfigurationPlatforms) = preSolution
		Debug|Any CPU = Debug|Any CPU
		Release|Any CPU = Release|Any CPU
	EndGlobalSection
	GlobalSection(ProjectConfigurationPlatforms) = postSolution
		{8671DD12-63B5-491C-A9B7-C14013D283D6}.Debug|Any CPU.ActiveCfg = Debug|Any CPU
		{8671DD12-63B5-491C-A9B7-C14013D283D6}.Debug|Any CPU.Build.0 = Debug|Any CPU
		{8671DD12-63B5-491C-A9B7-C14013D283D6}.Release|Any CPU.ActiveCfg = Release|Any CPU
		{8671DD12-63B5-491C-A9B7-C14013D283D6}.Release|Any CPU.Build.0 = Release|Any CPU
		{A1DBA0E0-B59F-426F-A53B-52C7A9EBF714}.Debug|Any CPU.ActiveCfg = Debug|Any CPU
		{A1DBA0E0-B59F-426F-A53B-52C7A9EBF714}.Debug|Any CPU.Build.0 = Debug|Any CPU
		{A1DBA0E0-B59F-426F-A53B-52C7A9EBF714}.Release|Any CPU.ActiveCfg = Release|Any CPU
		{A1DBA0E0-B59F-426F-A53B-52C7A9EBF714}.Release|Any CPU.Build.0 = Release|Any CPU
		{D6E777CB-9EF6-46AF-A78B-9710D5565007}.Debug|Any CPU.ActiveCfg = Debug|Any CPU
		{D6E777CB-9EF6-46AF-A78B-9710D5565007}.Debug|Any CPU.Build.0 = Debug|Any CPU
		{D6E777CB-9EF6-46AF-A78B-9710D5565007}.Release|Any CPU.ActiveCfg = Release|Any CPU
		{D6E777CB-9EF6-46AF-A78B-9710D5565007}.Release|Any CPU.Build.0 = Release|Any CPU
	EndGlobalSection
	GlobalSection(SolutionProperties) = preSolution
		HideSolutionNode = FALSE
	EndGlobalSection
	GlobalSection(ExtensibilityGlobals) = postSolution
		SolutionGuid = {727522CC-4BAB-4C89-A0E1-F5CB2843C8E8}
	EndGlobalSection
EndGlobal
